
Microsoft Visual Studio Solution File, Format Version 12.00
# Visual Studio Version 17
VisualStudioVersion = 17.9.34607.119
MinimumVisualStudioVersion = 10.0.40219.1
Project("{FAE04EC0-301F-11D3-BF4B-00C04F79EFBC}") = "Practice__05", "Practice__05\Practice__05.csproj", "{2F77A6C1-D9CB-48F8-8ABA-4D9AA7BA42FE}"
EndProject
Project("{FAE04EC0-301F-11D3-BF4B-00C04F79EFBC}") = "SQL_Test", "SQL_Test\SQL_Test.csproj", "{839ECFC1-9283-4A90-8324-7855D48487AF}"
EndProject
Global
	GlobalSection(SolutionConfigurationPlatforms) = preSolution
		Debug|Any CPU = Debug|Any CPU
		Release|Any CPU = Release|Any CPU
	EndGlobalSection
	GlobalSection(ProjectConfigurationPlatforms) = postSolution
		{2F77A6C1-D9CB-48F8-8ABA-4D9AA7BA42FE}.Debug|Any CPU.ActiveCfg = Debug|Any CPU
		{2F77A6C1-D9CB-48F8-8ABA-4D9AA7BA42FE}.Debug|Any CPU.Build.0 = Debug|Any CPU
		{2F77A6C1-D9CB-48F8-8ABA-4D9AA7BA42FE}.Release|Any CPU.ActiveCfg = Release|Any CPU
		{2F77A6C1-D9CB-48F8-8ABA-4D9AA7BA42FE}.Release|Any CPU.Build.0 = Release|Any CPU
		{839ECFC1-9283-4A90-8324-7855D48487AF}.Debug|Any CPU.ActiveCfg = Debug|Any CPU
		{839ECFC1-9283-4A90-8324-7855D48487AF}.Debug|Any CPU.Build.0 = Debug|Any CPU
		{839ECFC1-9283-4A90-8324-7855D48487AF}.Release|Any CPU.ActiveCfg = Release|Any CPU
		{839ECFC1-9283-4A90-8324-7855D48487AF}.Release|Any CPU.Build.0 = Release|Any CPU
	EndGlobalSection
	GlobalSection(SolutionProperties) = preSolution
		HideSolutionNode = FALSE
	EndGlobalSection
	GlobalSection(ExtensibilityGlobals) = postSolution
		SolutionGuid = {3B7FE5C1-4A7B-4F44-BEFF-4C100624B29C}
	EndGlobalSection
EndGlobal
